lockfileVersion: '9.0'

settings:
  autoInstallPeers: true
  excludeLinksFromLockfile: false

importers:

  .:
    devDependencies:
      '@junobuild/config':
        specifier: ^0.1.3
        version: 0.1.3

packages:

  '@junobuild/config@0.1.3':
    resolution: {integrity: sha512-lfuIMEY3c0uoeNI0X1iExxL7XWamWCVsCt9igpYtzwaFT0buYcKMqmVnhU7D0W1TnpyshdTLtpiPa7ctr4esOA==}

snapshots:

  '@junobuild/config@0.1.3': {}
